
Microsoft Visual Studio Solution File, Format Version 12.00
# Visual Studio Version 16
VisualStudioVersion = 16.0.32413.511
MinimumVisualStudioVersion = 10.0.40219.1
Project("{2150E333-8FDC-42A3-9474-1A3956D46DE8}") = "Solution Items", "Solution Items", "{39A8842F-CA7A-47BD-944D-41EF8E8A5B64}"
	ProjectSection(SolutionItems) = preProject
		.editorconfig = .editorconfig
		README.md = README.md
	EndProjectSection
EndProject
Project("{9A19103F-16F7-4668-BE54-9A1E7A4F7556}") = "HotChocolateWithAspIdentity.Domain", "src\HotChocolateWithAspIdentity.Domain\HotChocolateWithAspIdentity.Domain.csproj", "{82F34B5B-C35A-45F4-B439-BA3F638503AF}"
EndProject
Project("{9A19103F-16F7-4668-BE54-9A1E7A4F7556}") = "HotChocolateWithAspIdentity.Application", "src\HotChocolateWithAspIdentity.Application\HotChocolateWithAspIdentity.Application.csproj", "{DF5BADBD-7837-4A93-A03A-32FF6DF3EDF5}"
EndProject
Project("{9A19103F-16F7-4668-BE54-9A1E7A4F7556}") = "HotChocolateWithAspIdentity.Infrastructure", "src\HotChocolateWithAspIdentity.Infrastructure\HotChocolateWithAspIdentity.Infrastructure.csproj", "{2EFF7963-F5E6-4765-8A47-E72715FBD8FD}"
EndProject
Project("{FAE04EC0-301F-11D3-BF4B-00C04F79EFBC}") = "HotChocolateWithAspIdentity.GraphQL", "src\HotChocolateWithAspIdentity.GraphQL\HotChocolateWithAspIdentity.GraphQL.csproj", "{D9C56698-B411-4BA4-ADFB-0D2D247EE07E}"
EndProject
Global
	GlobalSection(SolutionConfigurationPlatforms) = preSolution
		Debug|Any CPU = Debug|Any CPU
		Release|Any CPU = Release|Any CPU
	EndGlobalSection
	GlobalSection(ProjectConfigurationPlatforms) = postSolution
		{82F34B5B-C35A-45F4-B439-BA3F638503AF}.Debug|Any CPU.ActiveCfg = Debug|Any CPU
		{82F34B5B-C35A-45F4-B439-BA3F638503AF}.Debug|Any CPU.Build.0 = Debug|Any CPU
		{82F34B5B-C35A-45F4-B439-BA3F638503AF}.Release|Any CPU.ActiveCfg = Release|Any CPU
		{82F34B5B-C35A-45F4-B439-BA3F638503AF}.Release|Any CPU.Build.0 = Release|Any CPU
		{DF5BADBD-7837-4A93-A03A-32FF6DF3EDF5}.Debug|Any CPU.ActiveCfg = Debug|Any CPU
		{DF5BADBD-7837-4A93-A03A-32FF6DF3EDF5}.Debug|Any CPU.Build.0 = Debug|Any CPU
		{DF5BADBD-7837-4A93-A03A-32FF6DF3EDF5}.Release|Any CPU.ActiveCfg = Release|Any CPU
		{DF5BADBD-7837-4A93-A03A-32FF6DF3EDF5}.Release|Any CPU.Build.0 = Release|Any CPU
		{2EFF7963-F5E6-4765-8A47-E72715FBD8FD}.Debug|Any CPU.ActiveCfg = Debug|Any CPU
		{2EFF7963-F5E6-4765-8A47-E72715FBD8FD}.Debug|Any CPU.Build.0 = Debug|Any CPU
		{2EFF7963-F5E6-4765-8A47-E72715FBD8FD}.Release|Any CPU.ActiveCfg = Release|Any CPU
		{2EFF7963-F5E6-4765-8A47-E72715FBD8FD}.Release|Any CPU.Build.0 = Release|Any CPU
		{D9C56698-B411-4BA4-ADFB-0D2D247EE07E}.Debug|Any CPU.ActiveCfg = Debug|Any CPU
		{D9C56698-B411-4BA4-ADFB-0D2D247EE07E}.Debug|Any CPU.Build.0 = Debug|Any CPU
		{D9C56698-B411-4BA4-ADFB-0D2D247EE07E}.Release|Any CPU.ActiveCfg = Release|Any CPU
		{D9C56698-B411-4BA4-ADFB-0D2D247EE07E}.Release|Any CPU.Build.0 = Release|Any CPU
	EndGlobalSection
	GlobalSection(SolutionProperties) = preSolution
		HideSolutionNode = FALSE
	EndGlobalSection
	GlobalSection(ExtensibilityGlobals) = postSolution
		SolutionGuid = {4B1AAE52-F333-4F42-B9B3-2B474A489EC5}
	EndGlobalSection
EndGlobal
